
Microsoft Visual Studio Solution File, Format Version 12.00
# Visual Studio Version 16
VisualStudioVersion = 16.0.29613.14
MinimumVisualStudioVersion = 10.0.40219.1
Project("{FAE04EC0-301F-11D3-BF4B-00C04F79EFBC}") = "FriendlyFood", "FriendlyFood\FriendlyFood.csproj", "{4686189D-070C-4DCA-BBF2-04CA53200041}"
EndProject
Global
	GlobalSection(SolutionConfigurationPlatforms) = preSolution
		Debug|Any CPU = Debug|Any CPU
		Release|Any CPU = Release|Any CPU
	EndGlobalSection
	GlobalSection(ProjectConfigurationPlatforms) = postSolution
		{4686189D-070C-4DCA-BBF2-04CA53200041}.Debug|Any CPU.ActiveCfg = Debug|Any CPU
		{4686189D-070C-4DCA-BBF2-04CA53200041}.Debug|Any CPU.Build.0 = Debug|Any CPU
		{4686189D-070C-4DCA-BBF2-04CA53200041}.Release|Any CPU.ActiveCfg = Release|Any CPU
		{4686189D-070C-4DCA-BBF2-04CA53200041}.Release|Any CPU.Build.0 = Release|Any CPU
	EndGlobalSection
	GlobalSection(SolutionProperties) = preSolution
		HideSolutionNode = FALSE
	EndGlobalSection
	GlobalSection(ExtensibilityGlobals) = postSolution
		SolutionGuid = {1BBAEEAA-04D4-47D8-8D36-0F1D2C7D161D}
	EndGlobalSection
EndGlobal
